// !$*UTF8*$!
{
	archiveVersion = 1;
	classes = {
	};
	objectVersion = 56;
	objects = {

/* Begin PBXBuildFile section */
		88B372C42A0648D5008DF7EE /* GoogleGenerativeAI in Frameworks */ = {isa = PBXBuildFile; productRef = 88B372C32A0648D5008DF7EE /* GoogleGenerativeAI */; };
		88B372C72A064AF0008DF7EE /* PaLM-Info.plist in Resources */ = {isa = PBXBuildFile; fileRef = 88B372C62A064AF0008DF7EE /* PaLM-Info.plist */; };
		88D3FF822A05B05000B389CF /* PaLMTextApp.swift in Sources */ = {isa = PBXBuildFile; fileRef = 88D3FF812A05B05000B389CF /* PaLMTextApp.swift */; };
		88D3FF842A05B05000B389CF /* SummarizeScreen.swift in Sources */ = {isa = PBXBuildFile; fileRef = 88D3FF832A05B05000B389CF /* SummarizeScreen.swift */; };
		88D3FF862A05B05100B389CF /* Assets.xcassets in Resources */ = {isa = PBXBuildFile; fileRef = 88D3FF852A05B05100B389CF /* Assets.xcassets */; };
		88D3FF892A05B05100B389CF /* Preview Assets.xcassets in Resources */ = {isa = PBXBuildFile; fileRef = 88D3FF882A05B05100B389CF /* Preview Assets.xcassets */; };
		88D3FF942A062F4000B389CF /* SummarizeViewModel.swift in Sources */ = {isa = PBXBuildFile; fileRef = 88D3FF932A062F4000B389CF /* SummarizeViewModel.swift */; };
/* End PBXBuildFile section */

/* Begin PBXFileReference section */
		88B372C12A064878008DF7EE /* generative-ai-swift */ = {isa = PBXFileReference; lastKnownFileType = wrapper; name = "generative-ai-swift"; path = ../..; sourceTree = "<group>"; };
		88B372C62A064AF0008DF7EE /* PaLM-Info.plist */ = {isa = PBXFileReference; fileEncoding = 4; lastKnownFileType = text.plist.xml; path = "PaLM-Info.plist"; sourceTree = "<group>"; };
		88D3FF7E2A05B05000B389CF /* PaLMText.app */ = {isa = PBXFileReference; explicitFileType = wrapper.application; includeInIndex = 0; path = PaLMText.app; sourceTree = BUILT_PRODUCTS_DIR; };
		88D3FF812A05B05000B389CF /* PaLMTextApp.swift */ = {isa = PBXFileReference; lastKnownFileType = sourcecode.swift; path = PaLMTextApp.swift; sourceTree = "<group>"; };
		88D3FF832A05B05000B389CF /* SummarizeScreen.swift */ = {isa = PBXFileReference; lastKnownFileType = sourcecode.swift; path = SummarizeScreen.swift; sourceTree = "<group>"; };
		88D3FF852A05B05100B389CF /* Assets.xcassets */ = {isa = PBXFileReference; lastKnownFileType = folder.assetcatalog; path = Assets.xcassets; sourceTree = "<group>"; };
		88D3FF882A05B05100B389CF /* Preview Assets.xcassets */ = {isa = PBXFileReference; lastKnownFileType = folder.assetcatalog; path = "Preview Assets.xcassets"; sourceTree = "<group>"; };
		88D3FF932A062F4000B389CF /* SummarizeViewModel.swift */ = {isa = PBXFileReference; lastKnownFileType = sourcecode.swift; path = SummarizeViewModel.swift; sourceTree = "<group>"; };
/* End PBXFileReference section */

/* Begin PBXFrameworksBuildPhase section */
		88D3FF7B2A05B05000B389CF /* Frameworks */ = {
			isa = PBXFrameworksBuildPhase;
			buildActionMask = 2147483647;
			files = (
				88B372C42A0648D5008DF7EE /* GoogleGenerativeAI in Frameworks */,
			);
			runOnlyForDeploymentPostprocessing = 0;
		};
/* End PBXFrameworksBuildPhase section */

/* Begin PBXGroup section */
		88B372C02A064878008DF7EE /* Packages */ = {
			isa = PBXGroup;
			children = (
				88B372C12A064878008DF7EE /* generative-ai-swift */,
			);
			name = Packages;
			sourceTree = "<group>";
		};
		88B372C22A0648D5008DF7EE /* Frameworks */ = {
			isa = PBXGroup;
			children = (
			);
			name = Frameworks;
			sourceTree = "<group>";
		};
		88D3FF752A05B05000B389CF = {
			isa = PBXGroup;
			children = (
				88B372C02A064878008DF7EE /* Packages */,
				88D3FF802A05B05000B389CF /* PaLMText */,
				88D3FF7F2A05B05000B389CF /* Products */,
				88B372C22A0648D5008DF7EE /* Frameworks */,
			);
			sourceTree = "<group>";
		};
		88D3FF7F2A05B05000B389CF /* Products */ = {
			isa = PBXGroup;
			children = (
				88D3FF7E2A05B05000B389CF /* PaLMText.app */,
			);
			name = Products;
			sourceTree = "<group>";
		};
		88D3FF802A05B05000B389CF /* PaLMText */ = {
			isa = PBXGroup;
			children = (
				88D3FF922A05B0D600B389CF /* ViewModels */,
				88D3FF8F2A05B0BE00B389CF /* Screens */,
				88D3FF812A05B05000B389CF /* PaLMTextApp.swift */,
				88D3FF852A05B05100B389CF /* Assets.xcassets */,
				88B372C62A064AF0008DF7EE /* PaLM-Info.plist */,
				88D3FF872A05B05100B389CF /* Preview Content */,
			);
			path = PaLMText;
			sourceTree = "<group>";
		};
		88D3FF872A05B05100B389CF /* Preview Content */ = {
			isa = PBXGroup;
			children = (
				88D3FF882A05B05100B389CF /* Preview Assets.xcassets */,
			);
			path = "Preview Content";
			sourceTree = "<group>";
		};
		88D3FF8F2A05B0BE00B389CF /* Screens */ = {
			isa = PBXGroup;
			children = (
				88D3FF832A05B05000B389CF /* SummarizeScreen.swift */,
			);
			path = Screens;
			sourceTree = "<group>";
		};
		88D3FF922A05B0D600B389CF /* ViewModels */ = {
			isa = PBXGroup;
			children = (
				88D3FF932A062F4000B389CF /* SummarizeViewModel.swift */,
			);
			path = ViewModels;
			sourceTree = "<group>";
		};
/* End PBXGroup section */

/* Begin PBXNativeTarget section */
		88D3FF7D2A05B05000B389CF /* PaLMText */ = {
			isa = PBXNativeTarget;
			buildConfigurationList = 88D3FF8C2A05B05100B389CF /* Build configuration list for PBXNativeTarget "PaLMText" */;
			buildPhases = (
				88B372C52A064A74008DF7EE /* ShellScript */,
				88D3FF7A2A05B05000B389CF /* Sources */,
				88D3FF7B2A05B05000B389CF /* Frameworks */,
				88D3FF7C2A05B05000B389CF /* Resources */,
			);
			buildRules = (
			);
			dependencies = (
			);
			name = PaLMText;
			packageProductDependencies = (
				88B372C32A0648D5008DF7EE /* GoogleGenerativeAI */,
			);
			productName = PaLMText;
			productReference = 88D3FF7E2A05B05000B389CF /* PaLMText.app */;
			productType = "com.apple.product-type.application";
		};
/* End PBXNativeTarget section */

/* Begin PBXProject section */
		88D3FF762A05B05000B389CF /* Project object */ = {
			isa = PBXProject;
			attributes = {
				BuildIndependentTargetsInParallel = 1;
				LastSwiftUpdateCheck = 1430;
				LastUpgradeCheck = 1430;
				TargetAttributes = {
					88D3FF7D2A05B05000B389CF = {
						CreatedOnToolsVersion = 14.3;
					};
				};
			};
			buildConfigurationList = 88D3FF792A05B05000B389CF /* Build configuration list for PBXProject "PaLMText" */;
			compatibilityVersion = "Xcode 14.0";
			developmentRegion = en;
			hasScannedForEncodings = 0;
			knownRegions = (
				en,
				Base,
			);
			mainGroup = 88D3FF752A05B05000B389CF;
			productRefGroup = 88D3FF7F2A05B05000B389CF /* Products */;
			projectDirPath = "";
			projectRoot = "";
			targets = (
				88D3FF7D2A05B05000B389CF /* PaLMText */,
			);
		};
/* End PBXProject section */

/* Begin PBXResourcesBuildPhase section */
		88D3FF7C2A05B05000B389CF /* Resources */ = {
			isa = PBXResourcesBuildPhase;
			buildActionMask = 2147483647;
			files = (
				88D3FF892A05B05100B389CF /* Preview Assets.xcassets in Resources */,
				88D3FF862A05B05100B389CF /* Assets.xcassets in Resources */,
				88B372C72A064AF0008DF7EE /* PaLM-Info.plist in Resources */,
			);
			runOnlyForDeploymentPostprocessing = 0;
		};
/* End PBXResourcesBuildPhase section */

/* Begin PBXShellScriptBuildPhase section */
		88B372C52A064A74008DF7EE /* ShellScript */ = {
			isa = PBXShellScriptBuildPhase;
			buildActionMask = 2147483647;
			files = (
			);
			inputFileListPaths = (
			);
			inputPaths = (
			);
			outputFileListPaths = (
			);
			outputPaths = (
				"$(SRCROOT)/${PRODUCT_NAME}/PaLM-Info.plist",
			);
			runOnlyForDeploymentPostprocessing = 0;
			shellPath = /bin/sh;
			shellScript = "CONFIG_FILE_BASE_NAME=\"PaLM-Info\"\n\nCONFIG_FILE_NAME=${CONFIG_FILE_BASE_NAME}.plist\nSAMPLE_CONFIG_FILE_NAME=${CONFIG_FILE_BASE_NAME}-Sample.plist\n\nCONFIG_FILE_PATH=$SRCROOT/$PRODUCT_NAME/$CONFIG_FILE_NAME\nSAMPLE_CONFIG_FILE_PATH=$SRCROOT/$PRODUCT_NAME/$SAMPLE_CONFIG_FILE_NAME\n\nif [ -f \"$CONFIG_FILE_PATH\" ]; then\n  echo \"$CONFIG_FILE_PATH exists.\"\nelse\n  echo \"$CONFIG_FILE_PATH does not exist, copying sample\"\n  cp -v \"${SAMPLE_CONFIG_FILE_PATH}\" \"${CONFIG_FILE_PATH}\"\nfi\n";
		};
/* End PBXShellScriptBuildPhase section */

/* Begin PBXSourcesBuildPhase section */
		88D3FF7A2A05B05000B389CF /* Sources */ = {
			isa = PBXSourcesBuildPhase;
			buildActionMask = 2147483647;
			files = (
				88D3FF842A05B05000B389CF /* SummarizeScreen.swift in Sources */,
				88D3FF822A05B05000B389CF /* PaLMTextApp.swift in Sources */,
				88D3FF942A062F4000B389CF /* SummarizeViewModel.swift in Sources */,
			);
			runOnlyForDeploymentPostprocessing = 0;
		};
/* End PBXSourcesBuildPhase section */

/* Begin XCBuildConfiguration section */
		88D3FF8A2A05B05100B389CF /* Debug */ = {
			isa = XCBuildConfiguration;
			buildSettings = {
				ALWAYS_SEARCH_USER_PATHS = NO;
				CLANG_ANALYZER_NONNULL = YES;
				CLANG_ANALYZER_NUMBER_OBJECT_CONVERSION = YES_AGGRESSIVE;
				CLANG_CXX_LANGUAGE_STANDARD = "gnu++20";
				CLANG_ENABLE_MODULES = YES;
				CLANG_ENABLE_OBJC_ARC = YES;
				CLANG_ENABLE_OBJC_WEAK = YES;
				CLANG_WARN_BLOCK_CAPTURE_AUTORELEASING = YES;
				CLANG_WARN_BOOL_CONVERSION = YES;
				CLANG_WARN_COMMA = YES;
				CLANG_WARN_CONSTANT_CONVERSION = YES;
				CLANG_WARN_DEPRECATED_OBJC_IMPLEMENTATIONS = YES;
				CLANG_WARN_DIRECT_OBJC_ISA_USAGE = YES_ERROR;
				CLANG_WARN_DOCUMENTATION_COMMENTS = YES;
				CLANG_WARN_EMPTY_BODY = YES;
				CLANG_WARN_ENUM_CONVERSION = YES;
				CLANG_WARN_INFINITE_RECURSION = YES;
				CLANG_WARN_INT_CONVERSION = YES;
				CLANG_WARN_NON_LITERAL_NULL_CONVERSION = YES;
				CLANG_WARN_OBJC_IMPLICIT_RETAIN_SELF = YES;
				CLANG_WARN_OBJC_LITERAL_CONVERSION = YES;
				CLANG_WARN_OBJC_ROOT_CLASS = YES_ERROR;
				CLANG_WARN_QUOTED_INCLUDE_IN_FRAMEWORK_HEADER = YES;
				CLANG_WARN_RANGE_LOOP_ANALYSIS = YES;
				CLANG_WARN_STRICT_PROTOTYPES = YES;
				CLANG_WARN_SUSPICIOUS_MOVE = YES;
				CLANG_WARN_UNGUARDED_AVAILABILITY = YES_AGGRESSIVE;
				CLANG_WARN_UNREACHABLE_CODE = YES;
				CLANG_WARN__DUPLICATE_METHOD_MATCH = YES;
				COPY_PHASE_STRIP = NO;
				DEBUG_INFORMATION_FORMAT = dwarf;
				ENABLE_STRICT_OBJC_MSGSEND = YES;
				ENABLE_TESTABILITY = YES;
				GCC_C_LANGUAGE_STANDARD = gnu11;
				GCC_DYNAMIC_NO_PIC = NO;
				GCC_NO_COMMON_BLOCKS = YES;
				GCC_OPTIMIZATION_LEVEL = 0;
				GCC_PREPROCESSOR_DEFINITIONS = (
					"DEBUG=1",
					"$(inherited)",
				);
				GCC_WARN_64_TO_32_BIT_CONVERSION = YES;
				GCC_WARN_ABOUT_RETURN_TYPE = YES_ERROR;
				GCC_WARN_UNDECLARED_SELECTOR = YES;
				GCC_WARN_UNINITIALIZED_AUTOS = YES_AGGRESSIVE;
				GCC_WARN_UNUSED_FUNCTION = YES;
				GCC_WARN_UNUSED_VARIABLE = YES;
				IPHONEOS_DEPLOYMENT_TARGET = 16.4;
				MTL_ENABLE_DEBUG_INFO = INCLUDE_SOURCE;
				MTL_FAST_MATH = YES;
				ONLY_ACTIVE_ARCH = YES;
				SDKROOT = iphoneos;
				SWIFT_ACTIVE_COMPILATION_CONDITIONS = DEBUG;
				SWIFT_OPTIMIZATION_LEVEL = "-Onone";
			};
			name = Debug;
		};
		88D3FF8B2A05B05100B389CF /* Release */ = {
			isa = XCBuildConfiguration;
			buildSettings = {
				ALWAYS_SEARCH_USER_PATHS = NO;
				CLANG_ANALYZER_NONNULL = YES;
				CLANG_ANALYZER_NUMBER_OBJECT_CONVERSION = YES_AGGRESSIVE;
				CLANG_CXX_LANGUAGE_STANDARD = "gnu++20";
				CLANG_ENABLE_MODULES = YES;
				CLANG_ENABLE_OBJC_ARC = YES;
				CLANG_ENABLE_OBJC_WEAK = YES;
				CLANG_WARN_BLOCK_CAPTURE_AUTORELEASING = YES;
				CLANG_WARN_BOOL_CONVERSION = YES;
				CLANG_WARN_COMMA = YES;
				CLANG_WARN_CONSTANT_CONVERSION = YES;
				CLANG_WARN_DEPRECATED_OBJC_IMPLEMENTATIONS = YES;
				CLANG_WARN_DIRECT_OBJC_ISA_USAGE = YES_ERROR;
				CLANG_WARN_DOCUMENTATION_COMMENTS = YES;
				CLANG_WARN_EMPTY_BODY = YES;
				CLANG_WARN_ENUM_CONVERSION = YES;
				CLANG_WARN_INFINITE_RECURSION = YES;
				CLANG_WARN_INT_CONVERSION = YES;
				CLANG_WARN_NON_LITERAL_NULL_CONVERSION = YES;
				CLANG_WARN_OBJC_IMPLICIT_RETAIN_SELF = YES;
				CLANG_WARN_OBJC_LITERAL_CONVERSION = YES;
				CLANG_WARN_OBJC_ROOT_CLASS = YES_ERROR;
				CLANG_WARN_QUOTED_INCLUDE_IN_FRAMEWORK_HEADER = YES;
				CLANG_WARN_RANGE_LOOP_ANALYSIS = YES;
				CLANG_WARN_STRICT_PROTOTYPES = YES;
				CLANG_WARN_SUSPICIOUS_MOVE = YES;
				CLANG_WARN_UNGUARDED_AVAILABILITY = YES_AGGRESSIVE;
				CLANG_WARN_UNREACHABLE_CODE = YES;
				CLANG_WARN__DUPLICATE_METHOD_MATCH = YES;
				COPY_PHASE_STRIP = NO;
				DEBUG_INFORMATION_FORMAT = "dwarf-with-dsym";
				ENABLE_NS_ASSERTIONS = NO;
				ENABLE_STRICT_OBJC_MSGSEND = YES;
				GCC_C_LANGUAGE_STANDARD = gnu11;
				GCC_NO_COMMON_BLOCKS = YES;
				GCC_WARN_64_TO_32_BIT_CONVERSION = YES;
				GCC_WARN_ABOUT_RETURN_TYPE = YES_ERROR;
				GCC_WARN_UNDECLARED_SELECTOR = YES;
				GCC_WARN_UNINITIALIZED_AUTOS = YES_AGGRESSIVE;
				GCC_WARN_UNUSED_FUNCTION = YES;
				GCC_WARN_UNUSED_VARIABLE = YES;
				IPHONEOS_DEPLOYMENT_TARGET = 16.4;
				MTL_ENABLE_DEBUG_INFO = NO;
				MTL_FAST_MATH = YES;
				SDKROOT = iphoneos;
				SWIFT_COMPILATION_MODE = wholemodule;
				SWIFT_OPTIMIZATION_LEVEL = "-O";
				VALIDATE_PRODUCT = YES;
			};
			name = Release;
		};
		88D3FF8D2A05B05100B389CF /* Debug */ = {
			isa = XCBuildConfiguration;
			buildSettings = {
				ASSETCATALOG_COMPILER_APPICON_NAME = AppIcon;
				ASSETCATALOG_COMPILER_GLOBAL_ACCENT_COLOR_NAME = AccentColor;
				CODE_SIGN_STYLE = Automatic;
				CURRENT_PROJECT_VERSION = 1;
				DEVELOPMENT_ASSET_PATHS = "\"PaLMText/Preview Content\"";
				DEVELOPMENT_TEAM = "";
				ENABLE_PREVIEWS = YES;
				GENERATE_INFOPLIST_FILE = YES;
				INFOPLIST_KEY_UIApplicationSceneManifest_Generation = YES;
				INFOPLIST_KEY_UIApplicationSupportsIndirectInputEvents = YES;
				INFOPLIST_KEY_UILaunchScreen_Generation = YES;
				INFOPLIST_KEY_UISupportedInterfaceOrientations_iPad = "UIInterfaceOrientationPortrait UIInterfaceOrientationPortraitUpsideDown UIInterfaceOrientationLandscapeLeft UIInterfaceOrientationLandscapeRight";
				INFOPLIST_KEY_UISupportedInterfaceOrientations_iPhone = "UIInterfaceOrientationPortrait UIInterfaceOrientationLandscapeLeft UIInterfaceOrientationLandscapeRight";
				LD_RUNPATH_SEARCH_PATHS = (
					"$(inherited)",
					"@executable_path/Frameworks",
				);
				MARKETING_VERSION = 1.0;
				PRODUCT_BUNDLE_IDENTIFIER = com.example.google.generativeai.PaLMText;
				PRODUCT_NAME = "$(TARGET_NAME)";
				SWIFT_EMIT_LOC_STRINGS = YES;
				SWIFT_VERSION = 5.0;
				TARGETED_DEVICE_FAMILY = "1,2";
			};
			name = Debug;
		};
		88D3FF8E2A05B05100B389CF /* Release */ = {
			isa = XCBuildConfiguration;
			buildSettings = {
				ASSETCATALOG_COMPILER_APPICON_NAME = AppIcon;
				ASSETCATALOG_COMPILER_GLOBAL_ACCENT_COLOR_NAME = AccentColor;
				CODE_SIGN_STYLE = Automatic;
				CURRENT_PROJECT_VERSION = 1;
				DEVELOPMENT_ASSET_PATHS = "\"PaLMText/Preview Content\"";
				DEVELOPMENT_TEAM = "";
				ENABLE_PREVIEWS = YES;
				GENERATE_INFOPLIST_FILE = YES;
				INFOPLIST_KEY_UIApplicationSceneManifest_Generation = YES;
				INFOPLIST_KEY_UIApplicationSupportsIndirectInputEvents = YES;
				INFOPLIST_KEY_UILaunchScreen_Generation = YES;
				INFOPLIST_KEY_UISupportedInterfaceOrientations_iPad = "UIInterfaceOrientationPortrait UIInterfaceOrientationPortraitUpsideDown UIInterfaceOrientationLandscapeLeft UIInterfaceOrientationLandscapeRight";
				INFOPLIST_KEY_UISupportedInterfaceOrientations_iPhone = "UIInterfaceOrientationPortrait UIInterfaceOrientationLandscapeLeft UIInterfaceOrientationLandscapeRight";
				LD_RUNPATH_SEARCH_PATHS = (
					"$(inherited)",
					"@executable_path/Frameworks",
				);
				MARKETING_VERSION = 1.0;
				PRODUCT_BUNDLE_IDENTIFIER = com.example.google.generativeai.PaLMText;
				PRODUCT_NAME = "$(TARGET_NAME)";
				SWIFT_EMIT_LOC_STRINGS = YES;
				SWIFT_VERSION = 5.0;
				TARGETED_DEVICE_FAMILY = "1,2";
			};
			name = Release;
		};
/* End XCBuildConfiguration section */

/* Begin XCConfigurationList section */
		88D3FF792A05B05000B389CF /* Build configuration list for PBXProject "PaLMText" */ = {
			isa = XCConfigurationList;
			buildConfigurations = (
				88D3FF8A2A05B05100B389CF /* Debug */,
				88D3FF8B2A05B05100B389CF /* Release */,
			);
			defaultConfigurationIsVisible = 0;
			defaultConfigurationName = Release;
		};
		88D3FF8C2A05B05100B389CF /* Build configuration list for PBXNativeTarget "PaLMText" */ = {
			isa = XCConfigurationList;
			buildConfigurations = (
				88D3FF8D2A05B05100B389CF /* Debug */,
				88D3FF8E2A05B05100B389CF /* Release */,
			);
			defaultConfigurationIsVisible = 0;
			defaultConfigurationName = Release;
		};
/* End XCConfigurationList section */

/* Begin XCSwiftPackageProductDependency section */
		88B372C32A0648D5008DF7EE /* GoogleGenerativeAI */ = {
			isa = XCSwiftPackageProductDependency;
			productName = GoogleGenerativeAI;
		};
/* End XCSwiftPackageProductDependency section */
	};
	rootObject = 88D3FF762A05B05000B389CF /* Project object */;
}
