// !$*UTF8*$!
{
	archiveVersion = 1;
	classes = {
	};
	objectVersion = 56;
	objects = {

/* Begin PBXBuildFile section */
		88391C8829D2186200C54BCE /* PaLMChatApp.swift in Sources */ = {isa = PBXBuildFile; fileRef = 88391C8729D2186200C54BCE /* PaLMChatApp.swift */; };
		88391C8A29D2186200C54BCE /* ConversationScreen.swift in Sources */ = {isa = PBXBuildFile; fileRef = 88391C8929D2186200C54BCE /* ConversationScreen.swift */; };
		88391C8C29D2186300C54BCE /* Assets.xcassets in Resources */ = {isa = PBXBuildFile; fileRef = 88391C8B29D2186300C54BCE /* Assets.xcassets */; };
		88391C8F29D2186300C54BCE /* Preview Assets.xcassets in Resources */ = {isa = PBXBuildFile; fileRef = 88391C8E29D2186300C54BCE /* Preview Assets.xcassets */; };
		88391C9E29D2313100C54BCE /* ChatMessage.swift in Sources */ = {isa = PBXBuildFile; fileRef = 88391C9D29D2313100C54BCE /* ChatMessage.swift */; };
		88391CA029D2392600C54BCE /* MessageView.swift in Sources */ = {isa = PBXBuildFile; fileRef = 88391C9F29D2392600C54BCE /* MessageView.swift */; };
		88391CA229D23AB100C54BCE /* ConversationViewModel.swift in Sources */ = {isa = PBXBuildFile; fileRef = 88391CA129D23AB100C54BCE /* ConversationViewModel.swift */; };
		88391CA529D241A000C54BCE /* BouncingDots.swift in Sources */ = {isa = PBXBuildFile; fileRef = 88391CA429D241A000C54BCE /* BouncingDots.swift */; };
		88B72DB72A005B9A002725BC /* GoogleGenerativeAI in Frameworks */ = {isa = PBXBuildFile; productRef = 88B72DB62A005B9A002725BC /* GoogleGenerativeAI */; };
		88BFC51629D35B3900319EC5 /* PaLM-Info.plist in Resources */ = {isa = PBXBuildFile; fileRef = 88BFC51529D35B3900319EC5 /* PaLM-Info.plist */; };
/* End PBXBuildFile section */

/* Begin PBXFileReference section */
		8810D7752A00580E00D4BAF4 /* generative-ai-swift */ = {isa = PBXFileReference; lastKnownFileType = wrapper; name = "generative-ai-swift"; path = ../..; sourceTree = "<group>"; };
		88391C8429D2186200C54BCE /* PaLMChat.app */ = {isa = PBXFileReference; explicitFileType = wrapper.application; includeInIndex = 0; path = PaLMChat.app; sourceTree = BUILT_PRODUCTS_DIR; };
		88391C8729D2186200C54BCE /* PaLMChatApp.swift */ = {isa = PBXFileReference; lastKnownFileType = sourcecode.swift; path = PaLMChatApp.swift; sourceTree = "<group>"; };
		88391C8929D2186200C54BCE /* ConversationScreen.swift */ = {isa = PBXFileReference; lastKnownFileType = sourcecode.swift; path = ConversationScreen.swift; sourceTree = "<group>"; };
		88391C8B29D2186300C54BCE /* Assets.xcassets */ = {isa = PBXFileReference; lastKnownFileType = folder.assetcatalog; path = Assets.xcassets; sourceTree = "<group>"; };
		88391C8E29D2186300C54BCE /* Preview Assets.xcassets */ = {isa = PBXFileReference; lastKnownFileType = folder.assetcatalog; path = "Preview Assets.xcassets"; sourceTree = "<group>"; };
		88391C9D29D2313100C54BCE /* ChatMessage.swift */ = {isa = PBXFileReference; lastKnownFileType = sourcecode.swift; path = ChatMessage.swift; sourceTree = "<group>"; };
		88391C9F29D2392600C54BCE /* MessageView.swift */ = {isa = PBXFileReference; lastKnownFileType = sourcecode.swift; path = MessageView.swift; sourceTree = "<group>"; };
		88391CA129D23AB100C54BCE /* ConversationViewModel.swift */ = {isa = PBXFileReference; lastKnownFileType = sourcecode.swift; path = ConversationViewModel.swift; sourceTree = "<group>"; };
		88391CA429D241A000C54BCE /* BouncingDots.swift */ = {isa = PBXFileReference; lastKnownFileType = sourcecode.swift; path = BouncingDots.swift; sourceTree = "<group>"; };
		88BFC51529D35B3900319EC5 /* PaLM-Info.plist */ = {isa = PBXFileReference; fileEncoding = 4; lastKnownFileType = text.plist.xml; path = "PaLM-Info.plist"; sourceTree = "<group>"; };
/* End PBXFileReference section */

/* Begin PBXFrameworksBuildPhase section */
		88391C8129D2186200C54BCE /* Frameworks */ = {
			isa = PBXFrameworksBuildPhase;
			buildActionMask = 2147483647;
			files = (
				88B72DB72A005B9A002725BC /* GoogleGenerativeAI in Frameworks */,
			);
			runOnlyForDeploymentPostprocessing = 0;
		};
/* End PBXFrameworksBuildPhase section */

/* Begin PBXGroup section */
		8810D7742A00580E00D4BAF4 /* Packages */ = {
			isa = PBXGroup;
			children = (
				8810D7752A00580E00D4BAF4 /* generative-ai-swift */,
			);
			name = Packages;
			sourceTree = "<group>";
		};
		88391C7B29D2186200C54BCE = {
			isa = PBXGroup;
			children = (
				8810D7742A00580E00D4BAF4 /* Packages */,
				88391C8629D2186200C54BCE /* PaLMChat */,
				88391C8529D2186200C54BCE /* Products */,
				88391C9729D2196400C54BCE /* Frameworks */,
			);
			sourceTree = "<group>";
		};
		88391C8529D2186200C54BCE /* Products */ = {
			isa = PBXGroup;
			children = (
				88391C8429D2186200C54BCE /* PaLMChat.app */,
			);
			name = Products;
			sourceTree = "<group>";
		};
		88391C8629D2186200C54BCE /* PaLMChat */ = {
			isa = PBXGroup;
			children = (
				88391C9C29D2310800C54BCE /* ViewModels */,
				88391C9B29D230EC00C54BCE /* Models */,
				88391C9A29D230E400C54BCE /* Views */,
				88391CA329D23FA300C54BCE /* Screens */,
				88391C8729D2186200C54BCE /* PaLMChatApp.swift */,
				88391C8B29D2186300C54BCE /* Assets.xcassets */,
				88BFC51529D35B3900319EC5 /* PaLM-Info.plist */,
				88391C8D29D2186300C54BCE /* Preview Content */,
			);
			path = PaLMChat;
			sourceTree = "<group>";
		};
		88391C8D29D2186300C54BCE /* Preview Content */ = {
			isa = PBXGroup;
			children = (
				88391C8E29D2186300C54BCE /* Preview Assets.xcassets */,
			);
			path = "Preview Content";
			sourceTree = "<group>";
		};
		88391C9729D2196400C54BCE /* Frameworks */ = {
			isa = PBXGroup;
			children = (
			);
			name = Frameworks;
			sourceTree = "<group>";
		};
		88391C9A29D230E400C54BCE /* Views */ = {
			isa = PBXGroup;
			children = (
				88391C9F29D2392600C54BCE /* MessageView.swift */,
				88391CA429D241A000C54BCE /* BouncingDots.swift */,
			);
			path = Views;
			sourceTree = "<group>";
		};
		88391C9B29D230EC00C54BCE /* Models */ = {
			isa = PBXGroup;
			children = (
				88391C9D29D2313100C54BCE /* ChatMessage.swift */,
			);
			path = Models;
			sourceTree = "<group>";
		};
		88391C9C29D2310800C54BCE /* ViewModels */ = {
			isa = PBXGroup;
			children = (
				88391CA129D23AB100C54BCE /* ConversationViewModel.swift */,
			);
			path = ViewModels;
			sourceTree = "<group>";
		};
		88391CA329D23FA300C54BCE /* Screens */ = {
			isa = PBXGroup;
			children = (
				88391C8929D2186200C54BCE /* ConversationScreen.swift */,
			);
			path = Screens;
			sourceTree = "<group>";
		};
/* End PBXGroup section */

/* Begin PBXNativeTarget section */
		88391C8329D2186200C54BCE /* PaLMChat */ = {
			isa = PBXNativeTarget;
			buildConfigurationList = 88391C9229D2186300C54BCE /* Build configuration list for PBXNativeTarget "PaLMChat" */;
			buildPhases = (
				8811FA9129D2D468000550E4 /* Run Script */,
				88391C8029D2186200C54BCE /* Sources */,
				88391C8129D2186200C54BCE /* Frameworks */,
				88391C8229D2186200C54BCE /* Resources */,
			);
			buildRules = (
			);
			dependencies = (
			);
			name = PaLMChat;
			packageProductDependencies = (
				88B72DB62A005B9A002725BC /* GoogleGenerativeAI */,
			);
			productName = PaLMChat;
			productReference = 88391C8429D2186200C54BCE /* PaLMChat.app */;
			productType = "com.apple.product-type.application";
		};
/* End PBXNativeTarget section */

/* Begin PBXProject section */
		88391C7C29D2186200C54BCE /* Project object */ = {
			isa = PBXProject;
			attributes = {
				BuildIndependentTargetsInParallel = 1;
				LastSwiftUpdateCheck = 1430;
				LastUpgradeCheck = 1430;
				TargetAttributes = {
					88391C8329D2186200C54BCE = {
						CreatedOnToolsVersion = 14.3;
					};
				};
			};
			buildConfigurationList = 88391C7F29D2186200C54BCE /* Build configuration list for PBXProject "PaLMChat" */;
			compatibilityVersion = "Xcode 14.0";
			developmentRegion = en;
			hasScannedForEncodings = 0;
			knownRegions = (
				en,
				Base,
			);
			mainGroup = 88391C7B29D2186200C54BCE;
			productRefGroup = 88391C8529D2186200C54BCE /* Products */;
			projectDirPath = "";
			projectRoot = "";
			targets = (
				88391C8329D2186200C54BCE /* PaLMChat */,
			);
		};
/* End PBXProject section */

/* Begin PBXResourcesBuildPhase section */
		88391C8229D2186200C54BCE /* Resources */ = {
			isa = PBXResourcesBuildPhase;
			buildActionMask = 2147483647;
			files = (
				88391C8F29D2186300C54BCE /* Preview Assets.xcassets in Resources */,
				88391C8C29D2186300C54BCE /* Assets.xcassets in Resources */,
				88BFC51629D35B3900319EC5 /* PaLM-Info.plist in Resources */,
			);
			runOnlyForDeploymentPostprocessing = 0;
		};
/* End PBXResourcesBuildPhase section */

/* Begin PBXShellScriptBuildPhase section */
		8811FA9129D2D468000550E4 /* Run Script */ = {
			isa = PBXShellScriptBuildPhase;
			buildActionMask = 2147483647;
			files = (
			);
			inputFileListPaths = (
			);
			inputPaths = (
			);
			name = "Run Script";
			outputFileListPaths = (
			);
			outputPaths = (
				"$(SRCROOT)/${PRODUCT_NAME}/PaLM-Info.plist",
			);
			runOnlyForDeploymentPostprocessing = 0;
			shellPath = /bin/sh;
			shellScript = "CONFIG_FILE_BASE_NAME=\"PaLM-Info\"\n\nCONFIG_FILE_NAME=${CONFIG_FILE_BASE_NAME}.plist\nSAMPLE_CONFIG_FILE_NAME=${CONFIG_FILE_BASE_NAME}-Sample.plist\n\nCONFIG_FILE_PATH=$SRCROOT/$PRODUCT_NAME/$CONFIG_FILE_NAME\nSAMPLE_CONFIG_FILE_PATH=$SRCROOT/$PRODUCT_NAME/$SAMPLE_CONFIG_FILE_NAME\n\nif [ -f \"$CONFIG_FILE_PATH\" ]; then\n  echo \"$CONFIG_FILE_PATH exists.\"\nelse\n  echo \"$CONFIG_FILE_PATH does not exist, copying sample\"\n  cp -v \"${SAMPLE_CONFIG_FILE_PATH}\" \"${CONFIG_FILE_PATH}\"\nfi\n";
		};
/* End PBXShellScriptBuildPhase section */

/* Begin PBXSourcesBuildPhase section */
		88391C8029D2186200C54BCE /* Sources */ = {
			isa = PBXSourcesBuildPhase;
			buildActionMask = 2147483647;
			files = (
				88391CA029D2392600C54BCE /* MessageView.swift in Sources */,
				88391C9E29D2313100C54BCE /* ChatMessage.swift in Sources */,
				88391CA529D241A000C54BCE /* BouncingDots.swift in Sources */,
				88391C8A29D2186200C54BCE /* ConversationScreen.swift in Sources */,
				88391C8829D2186200C54BCE /* PaLMChatApp.swift in Sources */,
				88391CA229D23AB100C54BCE /* ConversationViewModel.swift in Sources */,
			);
			runOnlyForDeploymentPostprocessing = 0;
		};
/* End PBXSourcesBuildPhase section */

/* Begin XCBuildConfiguration section */
		88391C9029D2186300C54BCE /* Debug */ = {
			isa = XCBuildConfiguration;
			buildSettings = {
				ALWAYS_SEARCH_USER_PATHS = NO;
				CLANG_ANALYZER_NONNULL = YES;
				CLANG_ANALYZER_NUMBER_OBJECT_CONVERSION = YES_AGGRESSIVE;
				CLANG_CXX_LANGUAGE_STANDARD = "gnu++20";
				CLANG_ENABLE_MODULES = YES;
				CLANG_ENABLE_OBJC_ARC = YES;
				CLANG_ENABLE_OBJC_WEAK = YES;
				CLANG_WARN_BLOCK_CAPTURE_AUTORELEASING = YES;
				CLANG_WARN_BOOL_CONVERSION = YES;
				CLANG_WARN_COMMA = YES;
				CLANG_WARN_CONSTANT_CONVERSION = YES;
				CLANG_WARN_DEPRECATED_OBJC_IMPLEMENTATIONS = YES;
				CLANG_WARN_DIRECT_OBJC_ISA_USAGE = YES_ERROR;
				CLANG_WARN_DOCUMENTATION_COMMENTS = YES;
				CLANG_WARN_EMPTY_BODY = YES;
				CLANG_WARN_ENUM_CONVERSION = YES;
				CLANG_WARN_INFINITE_RECURSION = YES;
				CLANG_WARN_INT_CONVERSION = YES;
				CLANG_WARN_NON_LITERAL_NULL_CONVERSION = YES;
				CLANG_WARN_OBJC_IMPLICIT_RETAIN_SELF = YES;
				CLANG_WARN_OBJC_LITERAL_CONVERSION = YES;
				CLANG_WARN_OBJC_ROOT_CLASS = YES_ERROR;
				CLANG_WARN_QUOTED_INCLUDE_IN_FRAMEWORK_HEADER = YES;
				CLANG_WARN_RANGE_LOOP_ANALYSIS = YES;
				CLANG_WARN_STRICT_PROTOTYPES = YES;
				CLANG_WARN_SUSPICIOUS_MOVE = YES;
				CLANG_WARN_UNGUARDED_AVAILABILITY = YES_AGGRESSIVE;
				CLANG_WARN_UNREACHABLE_CODE = YES;
				CLANG_WARN__DUPLICATE_METHOD_MATCH = YES;
				COPY_PHASE_STRIP = NO;
				DEBUG_INFORMATION_FORMAT = dwarf;
				ENABLE_STRICT_OBJC_MSGSEND = YES;
				ENABLE_TESTABILITY = YES;
				GCC_C_LANGUAGE_STANDARD = gnu11;
				GCC_DYNAMIC_NO_PIC = NO;
				GCC_NO_COMMON_BLOCKS = YES;
				GCC_OPTIMIZATION_LEVEL = 0;
				GCC_PREPROCESSOR_DEFINITIONS = (
					"DEBUG=1",
					"$(inherited)",
				);
				GCC_WARN_64_TO_32_BIT_CONVERSION = YES;
				GCC_WARN_ABOUT_RETURN_TYPE = YES_ERROR;
				GCC_WARN_UNDECLARED_SELECTOR = YES;
				GCC_WARN_UNINITIALIZED_AUTOS = YES_AGGRESSIVE;
				GCC_WARN_UNUSED_FUNCTION = YES;
				GCC_WARN_UNUSED_VARIABLE = YES;
				IPHONEOS_DEPLOYMENT_TARGET = 16.4;
				MTL_ENABLE_DEBUG_INFO = INCLUDE_SOURCE;
				MTL_FAST_MATH = YES;
				ONLY_ACTIVE_ARCH = YES;
				SDKROOT = iphoneos;
				SWIFT_ACTIVE_COMPILATION_CONDITIONS = DEBUG;
				SWIFT_OPTIMIZATION_LEVEL = "-Onone";
			};
			name = Debug;
		};
		88391C9129D2186300C54BCE /* Release */ = {
			isa = XCBuildConfiguration;
			buildSettings = {
				ALWAYS_SEARCH_USER_PATHS = NO;
				CLANG_ANALYZER_NONNULL = YES;
				CLANG_ANALYZER_NUMBER_OBJECT_CONVERSION = YES_AGGRESSIVE;
				CLANG_CXX_LANGUAGE_STANDARD = "gnu++20";
				CLANG_ENABLE_MODULES = YES;
				CLANG_ENABLE_OBJC_ARC = YES;
				CLANG_ENABLE_OBJC_WEAK = YES;
				CLANG_WARN_BLOCK_CAPTURE_AUTORELEASING = YES;
				CLANG_WARN_BOOL_CONVERSION = YES;
				CLANG_WARN_COMMA = YES;
				CLANG_WARN_CONSTANT_CONVERSION = YES;
				CLANG_WARN_DEPRECATED_OBJC_IMPLEMENTATIONS = YES;
				CLANG_WARN_DIRECT_OBJC_ISA_USAGE = YES_ERROR;
				CLANG_WARN_DOCUMENTATION_COMMENTS = YES;
				CLANG_WARN_EMPTY_BODY = YES;
				CLANG_WARN_ENUM_CONVERSION = YES;
				CLANG_WARN_INFINITE_RECURSION = YES;
				CLANG_WARN_INT_CONVERSION = YES;
				CLANG_WARN_NON_LITERAL_NULL_CONVERSION = YES;
				CLANG_WARN_OBJC_IMPLICIT_RETAIN_SELF = YES;
				CLANG_WARN_OBJC_LITERAL_CONVERSION = YES;
				CLANG_WARN_OBJC_ROOT_CLASS = YES_ERROR;
				CLANG_WARN_QUOTED_INCLUDE_IN_FRAMEWORK_HEADER = YES;
				CLANG_WARN_RANGE_LOOP_ANALYSIS = YES;
				CLANG_WARN_STRICT_PROTOTYPES = YES;
				CLANG_WARN_SUSPICIOUS_MOVE = YES;
				CLANG_WARN_UNGUARDED_AVAILABILITY = YES_AGGRESSIVE;
				CLANG_WARN_UNREACHABLE_CODE = YES;
				CLANG_WARN__DUPLICATE_METHOD_MATCH = YES;
				COPY_PHASE_STRIP = NO;
				DEBUG_INFORMATION_FORMAT = "dwarf-with-dsym";
				ENABLE_NS_ASSERTIONS = NO;
				ENABLE_STRICT_OBJC_MSGSEND = YES;
				GCC_C_LANGUAGE_STANDARD = gnu11;
				GCC_NO_COMMON_BLOCKS = YES;
				GCC_WARN_64_TO_32_BIT_CONVERSION = YES;
				GCC_WARN_ABOUT_RETURN_TYPE = YES_ERROR;
				GCC_WARN_UNDECLARED_SELECTOR = YES;
				GCC_WARN_UNINITIALIZED_AUTOS = YES_AGGRESSIVE;
				GCC_WARN_UNUSED_FUNCTION = YES;
				GCC_WARN_UNUSED_VARIABLE = YES;
				IPHONEOS_DEPLOYMENT_TARGET = 16.4;
				MTL_ENABLE_DEBUG_INFO = NO;
				MTL_FAST_MATH = YES;
				SDKROOT = iphoneos;
				SWIFT_COMPILATION_MODE = wholemodule;
				SWIFT_OPTIMIZATION_LEVEL = "-O";
				VALIDATE_PRODUCT = YES;
			};
			name = Release;
		};
		88391C9329D2186300C54BCE /* Debug */ = {
			isa = XCBuildConfiguration;
			buildSettings = {
				ASSETCATALOG_COMPILER_APPICON_NAME = AppIcon;
				ASSETCATALOG_COMPILER_GLOBAL_ACCENT_COLOR_NAME = AccentColor;
				CODE_SIGN_STYLE = Automatic;
				CURRENT_PROJECT_VERSION = 1;
				DEVELOPMENT_ASSET_PATHS = "\"PaLMChat/Preview Content\"";
				DEVELOPMENT_TEAM = "";
				ENABLE_PREVIEWS = YES;
				GENERATE_INFOPLIST_FILE = YES;
				INFOPLIST_KEY_UIApplicationSceneManifest_Generation = YES;
				INFOPLIST_KEY_UIApplicationSupportsIndirectInputEvents = YES;
				INFOPLIST_KEY_UILaunchScreen_Generation = YES;
				INFOPLIST_KEY_UISupportedInterfaceOrientations_iPad = "UIInterfaceOrientationPortrait UIInterfaceOrientationPortraitUpsideDown UIInterfaceOrientationLandscapeLeft UIInterfaceOrientationLandscapeRight";
				INFOPLIST_KEY_UISupportedInterfaceOrientations_iPhone = "UIInterfaceOrientationPortrait UIInterfaceOrientationLandscapeLeft UIInterfaceOrientationLandscapeRight";
				LD_RUNPATH_SEARCH_PATHS = (
					"$(inherited)",
					"@executable_path/Frameworks",
				);
				MARKETING_VERSION = 1.0;
				PRODUCT_BUNDLE_IDENTIFIER = com.example.google.generativeai.PaLMChat;
				PRODUCT_NAME = "$(TARGET_NAME)";
				SWIFT_EMIT_LOC_STRINGS = YES;
				SWIFT_VERSION = 5.0;
				TARGETED_DEVICE_FAMILY = "1,2";
			};
			name = Debug;
		};
		88391C9429D2186300C54BCE /* Release */ = {
			isa = XCBuildConfiguration;
			buildSettings = {
				ASSETCATALOG_COMPILER_APPICON_NAME = AppIcon;
				ASSETCATALOG_COMPILER_GLOBAL_ACCENT_COLOR_NAME = AccentColor;
				CODE_SIGN_STYLE = Automatic;
				CURRENT_PROJECT_VERSION = 1;
				DEVELOPMENT_ASSET_PATHS = "\"PaLMChat/Preview Content\"";
				DEVELOPMENT_TEAM = "";
				ENABLE_PREVIEWS = YES;
				GENERATE_INFOPLIST_FILE = YES;
				INFOPLIST_KEY_UIApplicationSceneManifest_Generation = YES;
				INFOPLIST_KEY_UIApplicationSupportsIndirectInputEvents = YES;
				INFOPLIST_KEY_UILaunchScreen_Generation = YES;
				INFOPLIST_KEY_UISupportedInterfaceOrientations_iPad = "UIInterfaceOrientationPortrait UIInterfaceOrientationPortraitUpsideDown UIInterfaceOrientationLandscapeLeft UIInterfaceOrientationLandscapeRight";
				INFOPLIST_KEY_UISupportedInterfaceOrientations_iPhone = "UIInterfaceOrientationPortrait UIInterfaceOrientationLandscapeLeft UIInterfaceOrientationLandscapeRight";
				LD_RUNPATH_SEARCH_PATHS = (
					"$(inherited)",
					"@executable_path/Frameworks",
				);
				MARKETING_VERSION = 1.0;
				PRODUCT_BUNDLE_IDENTIFIER = com.example.google.generativeai.PaLMChat;
				PRODUCT_NAME = "$(TARGET_NAME)";
				SWIFT_EMIT_LOC_STRINGS = YES;
				SWIFT_VERSION = 5.0;
				TARGETED_DEVICE_FAMILY = "1,2";
			};
			name = Release;
		};
/* End XCBuildConfiguration section */

/* Begin XCConfigurationList section */
		88391C7F29D2186200C54BCE /* Build configuration list for PBXProject "PaLMChat" */ = {
			isa = XCConfigurationList;
			buildConfigurations = (
				88391C9029D2186300C54BCE /* Debug */,
				88391C9129D2186300C54BCE /* Release */,
			);
			defaultConfigurationIsVisible = 0;
			defaultConfigurationName = Release;
		};
		88391C9229D2186300C54BCE /* Build configuration list for PBXNativeTarget "PaLMChat" */ = {
			isa = XCConfigurationList;
			buildConfigurations = (
				88391C9329D2186300C54BCE /* Debug */,
				88391C9429D2186300C54BCE /* Release */,
			);
			defaultConfigurationIsVisible = 0;
			defaultConfigurationName = Release;
		};
/* End XCConfigurationList section */

/* Begin XCSwiftPackageProductDependency section */
		88B72DB62A005B9A002725BC /* GoogleGenerativeAI */ = {
			isa = XCSwiftPackageProductDependency;
			productName = GoogleGenerativeAI;
		};
/* End XCSwiftPackageProductDependency section */
	};
	rootObject = 88391C7C29D2186200C54BCE /* Project object */;
}
